
Microsoft Visual Studio Solution File, Format Version 12.00
# Visual Studio Version 17
VisualStudioVersion = 17.14.37203.1 d17.14
MinimumVisualStudioVersion = 10.0.40219.1
Project("{FAE04EC0-301F-11D3-BF4B-00C04F79EFBC}") = "PasswordManagerWPF", "PasswordManagerWPF\PasswordManagerWPF.csproj", "{0ED2EBAE-3D97-4F98-B5FA-3E41ADFDF04C}"
EndProject
Global
	GlobalSection(SolutionConfigurationPlatforms) = preSolution
		Debug|Any CPU = Debug|Any CPU
		Release|Any CPU = Release|Any CPU
	EndGlobalSection
	GlobalSection(ProjectConfigurationPlatforms) = postSolution
		{0ED2EBAE-3D97-4F98-B5FA-3E41ADFDF04C}.Debug|Any CPU.ActiveCfg = Debug|Any CPU
		{0ED2EBAE-3D97-4F98-B5FA-3E41ADFDF04C}.Debug|Any CPU.Build.0 = Debug|Any CPU
		{0ED2EBAE-3D97-4F98-B5FA-3E41ADFDF04C}.Release|Any CPU.ActiveCfg = Release|Any CPU
		{0ED2EBAE-3D97-4F98-B5FA-3E41ADFDF04C}.Release|Any CPU.Build.0 = Release|Any CPU
	EndGlobalSection
	GlobalSection(SolutionProperties) = preSolution
		HideSolutionNode = FALSE
	EndGlobalSection
	GlobalSection(ExtensibilityGlobals) = postSolution
		SolutionGuid = {7DEC1C49-B0E2-46DE-8428-BCAAB4FA2B5B}
	EndGlobalSection
EndGlobal
